
Microsoft Visual Studio Solution File, Format Version 12.00
# Visual Studio 2012
VisualStudioVersion = 12.0.31101.0
MinimumVisualStudioVersion = 10.0.40219.1
Project("{FAE04EC0-301F-11D3-BF4B-00C04F79EFBC}") = "Land.OSX", "Land.OSX.csproj", "{98898D3E-A350-49D2-BCE9-640D74A487C1}"
EndProject
Project("{FAE04EC0-301F-11D3-BF4B-00C04F79EFBC}") = "Land.Windows", "Land.Windows.csproj", "{85420F27-9148-4655-8079-CDEFB9CA6A38}"
EndProject
Global
	GlobalSection(SolutionConfigurationPlatforms) = preSolution
		Debug|Any CPU = Debug|Any CPU
		Debug|x86 = Debug|x86
		Release|Any CPU = Release|Any CPU
		Release|x86 = Release|x86
	EndGlobalSection
	GlobalSection(ProjectConfigurationPlatforms) = postSolution
		{85420F27-9148-4655-8079-CDEFB9CA6A38}.Debug|Any CPU.ActiveCfg = Debug|x86
		{85420F27-9148-4655-8079-CDEFB9CA6A38}.Debug|x86.ActiveCfg = Debug|x86
		{85420F27-9148-4655-8079-CDEFB9CA6A38}.Debug|x86.Build.0 = Debug|x86
		{85420F27-9148-4655-8079-CDEFB9CA6A38}.Release|Any CPU.ActiveCfg = Release|x86
		{85420F27-9148-4655-8079-CDEFB9CA6A38}.Release|x86.ActiveCfg = Release|x86
		{85420F27-9148-4655-8079-CDEFB9CA6A38}.Release|x86.Build.0 = Release|x86
		{98898D3E-A350-49D2-BCE9-640D74A487C1}.Debug|Any CPU.ActiveCfg = Debug|Any CPU
		{98898D3E-A350-49D2-BCE9-640D74A487C1}.Debug|Any CPU.Build.0 = Debug|Any CPU
		{98898D3E-A350-49D2-BCE9-640D74A487C1}.Debug|x86.ActiveCfg = Debug|Any CPU
		{98898D3E-A350-49D2-BCE9-640D74A487C1}.Release|Any CPU.ActiveCfg = Release|Any CPU
		{98898D3E-A350-49D2-BCE9-640D74A487C1}.Release|Any CPU.Build.0 = Release|Any CPU
		{98898D3E-A350-49D2-BCE9-640D74A487C1}.Release|x86.ActiveCfg = Release|Any CPU
	EndGlobalSection
	GlobalSection(SolutionProperties) = preSolution
		HideSolutionNode = FALSE
	EndGlobalSection
EndGlobal
