
Microsoft Visual Studio Solution File, Format Version 12.00
# Visual Studio 2013
VisualStudioVersion = 12.0.21005.1
MinimumVisualStudioVersion = 10.0.40219.1
Project("{FAE04EC0-301F-11D3-BF4B-00C04F79EFBC}") = "Land4Windows", "Game\Land4Windows.csproj", "{C2B00FDD-C37C-4D1F-A2B6-8216AB79BAF4}"
EndProject
Project("{FAE04EC0-301F-11D3-BF4B-00C04F79EFBC}") = "Land4Xbox360", "Game\Land4Xbox360.csproj", "{A869AC68-C84E-4E89-8EB2-F11DDDBE3AD1}"
EndProject
Global
	GlobalSection(SolutionConfigurationPlatforms) = preSolution
		Android|Any CPU = Android|Any CPU
		Android|Mixed Platforms = Android|Mixed Platforms
		Android|x86 = Android|x86
		Android|Xbox 360 = Android|Xbox 360
		Debug|Any CPU = Debug|Any CPU
		Debug|Mixed Platforms = Debug|Mixed Platforms
		Debug|x86 = Debug|x86
		Debug|Xbox 360 = Debug|Xbox 360
		iOS|Any CPU = iOS|Any CPU
		iOS|Mixed Platforms = iOS|Mixed Platforms
		iOS|x86 = iOS|x86
		iOS|Xbox 360 = iOS|Xbox 360
		Linux|Any CPU = Linux|Any CPU
		Linux|Mixed Platforms = Linux|Mixed Platforms
		Linux|x86 = Linux|x86
		Linux|Xbox 360 = Linux|Xbox 360
		OSX|Any CPU = OSX|Any CPU
		OSX|Mixed Platforms = OSX|Mixed Platforms
		OSX|x86 = OSX|x86
		OSX|Xbox 360 = OSX|Xbox 360
		PSM|Any CPU = PSM|Any CPU
		PSM|Mixed Platforms = PSM|Mixed Platforms
		PSM|x86 = PSM|x86
		PSM|Xbox 360 = PSM|Xbox 360
		Release|Any CPU = Release|Any CPU
		Release|Mixed Platforms = Release|Mixed Platforms
		Release|x86 = Release|x86
		Release|Xbox 360 = Release|Xbox 360
		Windows|Any CPU = Windows|Any CPU
		Windows|Mixed Platforms = Windows|Mixed Platforms
		Windows|x86 = Windows|x86
		Windows|Xbox 360 = Windows|Xbox 360
		Windows8|Any CPU = Windows8|Any CPU
		Windows8|Mixed Platforms = Windows8|Mixed Platforms
		Windows8|x86 = Windows8|x86
		Windows8|Xbox 360 = Windows8|Xbox 360
	EndGlobalSection
	GlobalSection(ProjectConfigurationPlatforms) = postSolution
		{C2B00FDD-C37C-4D1F-A2B6-8216AB79BAF4}.Android|Any CPU.ActiveCfg = Release|x86
		{C2B00FDD-C37C-4D1F-A2B6-8216AB79BAF4}.Android|Mixed Platforms.ActiveCfg = Release|x86
		{C2B00FDD-C37C-4D1F-A2B6-8216AB79BAF4}.Android|Mixed Platforms.Build.0 = Release|x86
		{C2B00FDD-C37C-4D1F-A2B6-8216AB79BAF4}.Android|x86.ActiveCfg = Release|x86
		{C2B00FDD-C37C-4D1F-A2B6-8216AB79BAF4}.Android|x86.Build.0 = Release|x86
		{C2B00FDD-C37C-4D1F-A2B6-8216AB79BAF4}.Android|Xbox 360.ActiveCfg = Debug|x86
		{C2B00FDD-C37C-4D1F-A2B6-8216AB79BAF4}.Debug|Any CPU.ActiveCfg = Debug|x86
		{C2B00FDD-C37C-4D1F-A2B6-8216AB79BAF4}.Debug|Mixed Platforms.ActiveCfg = Debug|x86
		{C2B00FDD-C37C-4D1F-A2B6-8216AB79BAF4}.Debug|Mixed Platforms.Build.0 = Debug|x86
		{C2B00FDD-C37C-4D1F-A2B6-8216AB79BAF4}.Debug|x86.ActiveCfg = Debug|x86
		{C2B00FDD-C37C-4D1F-A2B6-8216AB79BAF4}.Debug|x86.Build.0 = Debug|x86
		{C2B00FDD-C37C-4D1F-A2B6-8216AB79BAF4}.Debug|Xbox 360.ActiveCfg = Debug|x86
		{C2B00FDD-C37C-4D1F-A2B6-8216AB79BAF4}.iOS|Any CPU.ActiveCfg = Release|x86
		{C2B00FDD-C37C-4D1F-A2B6-8216AB79BAF4}.iOS|Mixed Platforms.ActiveCfg = Release|x86
		{C2B00FDD-C37C-4D1F-A2B6-8216AB79BAF4}.iOS|Mixed Platforms.Build.0 = Release|x86
		{C2B00FDD-C37C-4D1F-A2B6-8216AB79BAF4}.iOS|x86.ActiveCfg = Release|x86
		{C2B00FDD-C37C-4D1F-A2B6-8216AB79BAF4}.iOS|x86.Build.0 = Release|x86
		{C2B00FDD-C37C-4D1F-A2B6-8216AB79BAF4}.iOS|Xbox 360.ActiveCfg = Debug|x86
		{C2B00FDD-C37C-4D1F-A2B6-8216AB79BAF4}.Linux|Any CPU.ActiveCfg = Release|x86
		{C2B00FDD-C37C-4D1F-A2B6-8216AB79BAF4}.Linux|Mixed Platforms.ActiveCfg = Release|x86
		{C2B00FDD-C37C-4D1F-A2B6-8216AB79BAF4}.Linux|Mixed Platforms.Build.0 = Release|x86
		{C2B00FDD-C37C-4D1F-A2B6-8216AB79BAF4}.Linux|x86.ActiveCfg = Release|x86
		{C2B00FDD-C37C-4D1F-A2B6-8216AB79BAF4}.Linux|x86.Build.0 = Release|x86
		{C2B00FDD-C37C-4D1F-A2B6-8216AB79BAF4}.Linux|Xbox 360.ActiveCfg = Debug|x86
		{C2B00FDD-C37C-4D1F-A2B6-8216AB79BAF4}.OSX|Any CPU.ActiveCfg = Release|x86
		{C2B00FDD-C37C-4D1F-A2B6-8216AB79BAF4}.OSX|Mixed Platforms.ActiveCfg = Release|x86
		{C2B00FDD-C37C-4D1F-A2B6-8216AB79BAF4}.OSX|Mixed Platforms.Build.0 = Release|x86
		{C2B00FDD-C37C-4D1F-A2B6-8216AB79BAF4}.OSX|x86.ActiveCfg = Release|x86
		{C2B00FDD-C37C-4D1F-A2B6-8216AB79BAF4}.OSX|x86.Build.0 = Release|x86
		{C2B00FDD-C37C-4D1F-A2B6-8216AB79BAF4}.OSX|Xbox 360.ActiveCfg = Debug|x86
		{C2B00FDD-C37C-4D1F-A2B6-8216AB79BAF4}.PSM|Any CPU.ActiveCfg = Release|x86
		{C2B00FDD-C37C-4D1F-A2B6-8216AB79BAF4}.PSM|Mixed Platforms.ActiveCfg = Release|x86
		{C2B00FDD-C37C-4D1F-A2B6-8216AB79BAF4}.PSM|Mixed Platforms.Build.0 = Release|x86
		{C2B00FDD-C37C-4D1F-A2B6-8216AB79BAF4}.PSM|x86.ActiveCfg = Release|x86
		{C2B00FDD-C37C-4D1F-A2B6-8216AB79BAF4}.PSM|x86.Build.0 = Release|x86
		{C2B00FDD-C37C-4D1F-A2B6-8216AB79BAF4}.PSM|Xbox 360.ActiveCfg = Debug|x86
		{C2B00FDD-C37C-4D1F-A2B6-8216AB79BAF4}.Release|Any CPU.ActiveCfg = Release|x86
		{C2B00FDD-C37C-4D1F-A2B6-8216AB79BAF4}.Release|Mixed Platforms.ActiveCfg = Release|x86
		{C2B00FDD-C37C-4D1F-A2B6-8216AB79BAF4}.Release|Mixed Platforms.Build.0 = Release|x86
		{C2B00FDD-C37C-4D1F-A2B6-8216AB79BAF4}.Release|x86.ActiveCfg = Release|x86
		{C2B00FDD-C37C-4D1F-A2B6-8216AB79BAF4}.Release|x86.Build.0 = Release|x86
		{C2B00FDD-C37C-4D1F-A2B6-8216AB79BAF4}.Release|Xbox 360.ActiveCfg = Release|x86
		{C2B00FDD-C37C-4D1F-A2B6-8216AB79BAF4}.Windows|Any CPU.ActiveCfg = Release|x86
		{C2B00FDD-C37C-4D1F-A2B6-8216AB79BAF4}.Windows|Mixed Platforms.ActiveCfg = Release|x86
		{C2B00FDD-C37C-4D1F-A2B6-8216AB79BAF4}.Windows|Mixed Platforms.Build.0 = Release|x86
		{C2B00FDD-C37C-4D1F-A2B6-8216AB79BAF4}.Windows|x86.ActiveCfg = Release|x86
		{C2B00FDD-C37C-4D1F-A2B6-8216AB79BAF4}.Windows|x86.Build.0 = Release|x86
		{C2B00FDD-C37C-4D1F-A2B6-8216AB79BAF4}.Windows|Xbox 360.ActiveCfg = Debug|x86
		{C2B00FDD-C37C-4D1F-A2B6-8216AB79BAF4}.Windows8|Any CPU.ActiveCfg = Release|x86
		{C2B00FDD-C37C-4D1F-A2B6-8216AB79BAF4}.Windows8|Mixed Platforms.ActiveCfg = Release|x86
		{C2B00FDD-C37C-4D1F-A2B6-8216AB79BAF4}.Windows8|Mixed Platforms.Build.0 = Release|x86
		{C2B00FDD-C37C-4D1F-A2B6-8216AB79BAF4}.Windows8|x86.ActiveCfg = Release|x86
		{C2B00FDD-C37C-4D1F-A2B6-8216AB79BAF4}.Windows8|x86.Build.0 = Release|x86
		{C2B00FDD-C37C-4D1F-A2B6-8216AB79BAF4}.Windows8|Xbox 360.ActiveCfg = Debug|x86
		{A869AC68-C84E-4E89-8EB2-F11DDDBE3AD1}.Android|Any CPU.ActiveCfg = Release|Xbox 360
		{A869AC68-C84E-4E89-8EB2-F11DDDBE3AD1}.Android|Mixed Platforms.ActiveCfg = Release|Xbox 360
		{A869AC68-C84E-4E89-8EB2-F11DDDBE3AD1}.Android|Mixed Platforms.Build.0 = Release|Xbox 360
		{A869AC68-C84E-4E89-8EB2-F11DDDBE3AD1}.Android|Mixed Platforms.Deploy.0 = Release|Xbox 360
		{A869AC68-C84E-4E89-8EB2-F11DDDBE3AD1}.Android|x86.ActiveCfg = Release|Xbox 360
		{A869AC68-C84E-4E89-8EB2-F11DDDBE3AD1}.Android|Xbox 360.ActiveCfg = Release|Xbox 360
		{A869AC68-C84E-4E89-8EB2-F11DDDBE3AD1}.Android|Xbox 360.Build.0 = Release|Xbox 360
		{A869AC68-C84E-4E89-8EB2-F11DDDBE3AD1}.Android|Xbox 360.Deploy.0 = Release|Xbox 360
		{A869AC68-C84E-4E89-8EB2-F11DDDBE3AD1}.Debug|Any CPU.ActiveCfg = Debug|Xbox 360
		{A869AC68-C84E-4E89-8EB2-F11DDDBE3AD1}.Debug|Mixed Platforms.ActiveCfg = Debug|Xbox 360
		{A869AC68-C84E-4E89-8EB2-F11DDDBE3AD1}.Debug|Mixed Platforms.Build.0 = Debug|Xbox 360
		{A869AC68-C84E-4E89-8EB2-F11DDDBE3AD1}.Debug|x86.ActiveCfg = Debug|Xbox 360
		{A869AC68-C84E-4E89-8EB2-F11DDDBE3AD1}.Debug|Xbox 360.ActiveCfg = Debug|Xbox 360
		{A869AC68-C84E-4E89-8EB2-F11DDDBE3AD1}.Debug|Xbox 360.Build.0 = Debug|Xbox 360
		{A869AC68-C84E-4E89-8EB2-F11DDDBE3AD1}.Debug|Xbox 360.Deploy.0 = Debug|Xbox 360
		{A869AC68-C84E-4E89-8EB2-F11DDDBE3AD1}.iOS|Any CPU.ActiveCfg = Release|Xbox 360
		{A869AC68-C84E-4E89-8EB2-F11DDDBE3AD1}.iOS|Mixed Platforms.ActiveCfg = Release|Xbox 360
		{A869AC68-C84E-4E89-8EB2-F11DDDBE3AD1}.iOS|Mixed Platforms.Build.0 = Release|Xbox 360
		{A869AC68-C84E-4E89-8EB2-F11DDDBE3AD1}.iOS|Mixed Platforms.Deploy.0 = Release|Xbox 360
		{A869AC68-C84E-4E89-8EB2-F11DDDBE3AD1}.iOS|x86.ActiveCfg = Release|Xbox 360
		{A869AC68-C84E-4E89-8EB2-F11DDDBE3AD1}.iOS|Xbox 360.ActiveCfg = Release|Xbox 360
		{A869AC68-C84E-4E89-8EB2-F11DDDBE3AD1}.iOS|Xbox 360.Build.0 = Release|Xbox 360
		{A869AC68-C84E-4E89-8EB2-F11DDDBE3AD1}.iOS|Xbox 360.Deploy.0 = Release|Xbox 360
		{A869AC68-C84E-4E89-8EB2-F11DDDBE3AD1}.Linux|Any CPU.ActiveCfg = Release|Xbox 360
		{A869AC68-C84E-4E89-8EB2-F11DDDBE3AD1}.Linux|Mixed Platforms.ActiveCfg = Release|Xbox 360
		{A869AC68-C84E-4E89-8EB2-F11DDDBE3AD1}.Linux|Mixed Platforms.Build.0 = Release|Xbox 360
		{A869AC68-C84E-4E89-8EB2-F11DDDBE3AD1}.Linux|Mixed Platforms.Deploy.0 = Release|Xbox 360
		{A869AC68-C84E-4E89-8EB2-F11DDDBE3AD1}.Linux|x86.ActiveCfg = Release|Xbox 360
		{A869AC68-C84E-4E89-8EB2-F11DDDBE3AD1}.Linux|Xbox 360.ActiveCfg = Release|Xbox 360
		{A869AC68-C84E-4E89-8EB2-F11DDDBE3AD1}.Linux|Xbox 360.Build.0 = Release|Xbox 360
		{A869AC68-C84E-4E89-8EB2-F11DDDBE3AD1}.Linux|Xbox 360.Deploy.0 = Release|Xbox 360
		{A869AC68-C84E-4E89-8EB2-F11DDDBE3AD1}.OSX|Any CPU.ActiveCfg = Release|Xbox 360
		{A869AC68-C84E-4E89-8EB2-F11DDDBE3AD1}.OSX|Mixed Platforms.ActiveCfg = Release|Xbox 360
		{A869AC68-C84E-4E89-8EB2-F11DDDBE3AD1}.OSX|Mixed Platforms.Build.0 = Release|Xbox 360
		{A869AC68-C84E-4E89-8EB2-F11DDDBE3AD1}.OSX|Mixed Platforms.Deploy.0 = Release|Xbox 360
		{A869AC68-C84E-4E89-8EB2-F11DDDBE3AD1}.OSX|x86.ActiveCfg = Release|Xbox 360
		{A869AC68-C84E-4E89-8EB2-F11DDDBE3AD1}.OSX|Xbox 360.ActiveCfg = Release|Xbox 360
		{A869AC68-C84E-4E89-8EB2-F11DDDBE3AD1}.OSX|Xbox 360.Build.0 = Release|Xbox 360
		{A869AC68-C84E-4E89-8EB2-F11DDDBE3AD1}.OSX|Xbox 360.Deploy.0 = Release|Xbox 360
		{A869AC68-C84E-4E89-8EB2-F11DDDBE3AD1}.PSM|Any CPU.ActiveCfg = Release|Xbox 360
		{A869AC68-C84E-4E89-8EB2-F11DDDBE3AD1}.PSM|Mixed Platforms.ActiveCfg = Release|Xbox 360
		{A869AC68-C84E-4E89-8EB2-F11DDDBE3AD1}.PSM|Mixed Platforms.Build.0 = Release|Xbox 360
		{A869AC68-C84E-4E89-8EB2-F11DDDBE3AD1}.PSM|Mixed Platforms.Deploy.0 = Release|Xbox 360
		{A869AC68-C84E-4E89-8EB2-F11DDDBE3AD1}.PSM|x86.ActiveCfg = Release|Xbox 360
		{A869AC68-C84E-4E89-8EB2-F11DDDBE3AD1}.PSM|Xbox 360.ActiveCfg = Release|Xbox 360
		{A869AC68-C84E-4E89-8EB2-F11DDDBE3AD1}.PSM|Xbox 360.Build.0 = Release|Xbox 360
		{A869AC68-C84E-4E89-8EB2-F11DDDBE3AD1}.PSM|Xbox 360.Deploy.0 = Release|Xbox 360
		{A869AC68-C84E-4E89-8EB2-F11DDDBE3AD1}.Release|Any CPU.ActiveCfg = Release|Xbox 360
		{A869AC68-C84E-4E89-8EB2-F11DDDBE3AD1}.Release|Mixed Platforms.ActiveCfg = Release|Xbox 360
		{A869AC68-C84E-4E89-8EB2-F11DDDBE3AD1}.Release|Mixed Platforms.Build.0 = Release|Xbox 360
		{A869AC68-C84E-4E89-8EB2-F11DDDBE3AD1}.Release|Mixed Platforms.Deploy.0 = Release|Xbox 360
		{A869AC68-C84E-4E89-8EB2-F11DDDBE3AD1}.Release|x86.ActiveCfg = Release|Xbox 360
		{A869AC68-C84E-4E89-8EB2-F11DDDBE3AD1}.Release|Xbox 360.ActiveCfg = Release|Xbox 360
		{A869AC68-C84E-4E89-8EB2-F11DDDBE3AD1}.Release|Xbox 360.Build.0 = Release|Xbox 360
		{A869AC68-C84E-4E89-8EB2-F11DDDBE3AD1}.Release|Xbox 360.Deploy.0 = Release|Xbox 360
		{A869AC68-C84E-4E89-8EB2-F11DDDBE3AD1}.Windows|Any CPU.ActiveCfg = Release|Xbox 360
		{A869AC68-C84E-4E89-8EB2-F11DDDBE3AD1}.Windows|Mixed Platforms.ActiveCfg = Release|Xbox 360
		{A869AC68-C84E-4E89-8EB2-F11DDDBE3AD1}.Windows|Mixed Platforms.Build.0 = Release|Xbox 360
		{A869AC68-C84E-4E89-8EB2-F11DDDBE3AD1}.Windows|Mixed Platforms.Deploy.0 = Release|Xbox 360
		{A869AC68-C84E-4E89-8EB2-F11DDDBE3AD1}.Windows|x86.ActiveCfg = Release|Xbox 360
		{A869AC68-C84E-4E89-8EB2-F11DDDBE3AD1}.Windows|Xbox 360.ActiveCfg = Release|Xbox 360
		{A869AC68-C84E-4E89-8EB2-F11DDDBE3AD1}.Windows|Xbox 360.Build.0 = Release|Xbox 360
		{A869AC68-C84E-4E89-8EB2-F11DDDBE3AD1}.Windows|Xbox 360.Deploy.0 = Release|Xbox 360
		{A869AC68-C84E-4E89-8EB2-F11DDDBE3AD1}.Windows8|Any CPU.ActiveCfg = Release|Xbox 360
		{A869AC68-C84E-4E89-8EB2-F11DDDBE3AD1}.Windows8|Mixed Platforms.ActiveCfg = Release|Xbox 360
		{A869AC68-C84E-4E89-8EB2-F11DDDBE3AD1}.Windows8|Mixed Platforms.Build.0 = Release|Xbox 360
		{A869AC68-C84E-4E89-8EB2-F11DDDBE3AD1}.Windows8|Mixed Platforms.Deploy.0 = Release|Xbox 360
		{A869AC68-C84E-4E89-8EB2-F11DDDBE3AD1}.Windows8|x86.ActiveCfg = Release|Xbox 360
		{A869AC68-C84E-4E89-8EB2-F11DDDBE3AD1}.Windows8|Xbox 360.ActiveCfg = Release|Xbox 360
		{A869AC68-C84E-4E89-8EB2-F11DDDBE3AD1}.Windows8|Xbox 360.Build.0 = Release|Xbox 360
		{A869AC68-C84E-4E89-8EB2-F11DDDBE3AD1}.Windows8|Xbox 360.Deploy.0 = Release|Xbox 360
	EndGlobalSection
	GlobalSection(SolutionProperties) = preSolution
		HideSolutionNode = FALSE
	EndGlobalSection
EndGlobal
